
Microsoft Visual Studio Solution File, Format Version 12.00
# Visual Studio Version 17
VisualStudioVersion = 17.0.32112.339
MinimumVisualStudioVersion = 10.0.40219.1
Project("{FAE04EC0-301F-11D3-BF4B-00C04F79EFBC}") = "WpfWatch", "WpWatch\WpfWatch.csproj", "{91E435CB-40A3-4E99-8196-1CFB269014BA}"
EndProject
Project("{FAE04EC0-301F-11D3-BF4B-00C04F79EFBC}") = "WpfWatchApp", "WpfWatchApp\WpfWatchApp.csproj", "{677C4C42-08CD-425D-B7EF-A5AA8E39B14E}"
EndProject
Global
	GlobalSection(SolutionConfigurationPlatforms) = preSolution
		Debug|Any CPU = Debug|Any CPU
		Release|Any CPU = Release|Any CPU
	EndGlobalSection
	GlobalSection(ProjectConfigurationPlatforms) = postSolution
		{91E435CB-40A3-4E99-8196-1CFB269014BA}.Debug|Any CPU.ActiveCfg = Debug|Any CPU
		{91E435CB-40A3-4E99-8196-1CFB269014BA}.Debug|Any CPU.Build.0 = Debug|Any CPU
		{91E435CB-40A3-4E99-8196-1CFB269014BA}.Release|Any CPU.ActiveCfg = Release|Any CPU
		{91E435CB-40A3-4E99-8196-1CFB269014BA}.Release|Any CPU.Build.0 = Release|Any CPU
		{677C4C42-08CD-425D-B7EF-A5AA8E39B14E}.Debug|Any CPU.ActiveCfg = Debug|Any CPU
		{677C4C42-08CD-425D-B7EF-A5AA8E39B14E}.Debug|Any CPU.Build.0 = Debug|Any CPU
		{677C4C42-08CD-425D-B7EF-A5AA8E39B14E}.Release|Any CPU.ActiveCfg = Release|Any CPU
		{677C4C42-08CD-425D-B7EF-A5AA8E39B14E}.Release|Any CPU.Build.0 = Release|Any CPU
	EndGlobalSection
	GlobalSection(SolutionProperties) = preSolution
		HideSolutionNode = FALSE
	EndGlobalSection
	GlobalSection(ExtensibilityGlobals) = postSolution
		SolutionGuid = {19929EF7-8407-43D1-9323-77E01F662882}
	EndGlobalSection
EndGlobal
